
Microsoft Visual Studio Solution File, Format Version 12.00
# Visual Studio Version 16
VisualStudioVersion = 16.0.31613.86
MinimumVisualStudioVersion = 10.0.40219.1
Project("{FAE04EC0-301F-11D3-BF4B-00C04F79EFBC}") = "PlannerTasks.DAL", "PlannerTasks.DAL\PlannerTasks.DAL.csproj", "{27811D4E-F1EC-4A4F-B871-0849FF3702EE}"
EndProject
Project("{FAE04EC0-301F-11D3-BF4B-00C04F79EFBC}") = "PlannerTasks.BLL", "PlannerTasks.BLL\PlannerTasks.BLL.csproj", "{DF6C9B4E-D7AC-4553-801C-32F2ECC3A2B0}"
EndProject
Project("{FAE04EC0-301F-11D3-BF4B-00C04F79EFBC}") = "PlannerTasks.Console", "PlannerTasks.Console\PlannerTasks.Console.csproj", "{26A402F6-25C8-47C9-9D64-61DABFE470EC}"
EndProject
Project("{FAE04EC0-301F-11D3-BF4B-00C04F79EFBC}") = "PlannerTasks.WEB_MVC", "PlannerTasks.WEB_MVC\PlannerTasks.WEB_MVC.csproj", "{C0058B07-A3A8-4E2A-8E9B-8ADC08EB6907}"
EndProject
Global
	GlobalSection(SolutionConfigurationPlatforms) = preSolution
		Debug|Any CPU = Debug|Any CPU
		Release|Any CPU = Release|Any CPU
	EndGlobalSection
	GlobalSection(ProjectConfigurationPlatforms) = postSolution
		{27811D4E-F1EC-4A4F-B871-0849FF3702EE}.Debug|Any CPU.ActiveCfg = Debug|Any CPU
		{27811D4E-F1EC-4A4F-B871-0849FF3702EE}.Debug|Any CPU.Build.0 = Debug|Any CPU
		{27811D4E-F1EC-4A4F-B871-0849FF3702EE}.Release|Any CPU.ActiveCfg = Release|Any CPU
		{27811D4E-F1EC-4A4F-B871-0849FF3702EE}.Release|Any CPU.Build.0 = Release|Any CPU
		{DF6C9B4E-D7AC-4553-801C-32F2ECC3A2B0}.Debug|Any CPU.ActiveCfg = Debug|Any CPU
		{DF6C9B4E-D7AC-4553-801C-32F2ECC3A2B0}.Debug|Any CPU.Build.0 = Debug|Any CPU
		{DF6C9B4E-D7AC-4553-801C-32F2ECC3A2B0}.Release|Any CPU.ActiveCfg = Release|Any CPU
		{DF6C9B4E-D7AC-4553-801C-32F2ECC3A2B0}.Release|Any CPU.Build.0 = Release|Any CPU
		{26A402F6-25C8-47C9-9D64-61DABFE470EC}.Debug|Any CPU.ActiveCfg = Debug|Any CPU
		{26A402F6-25C8-47C9-9D64-61DABFE470EC}.Debug|Any CPU.Build.0 = Debug|Any CPU
		{26A402F6-25C8-47C9-9D64-61DABFE470EC}.Release|Any CPU.ActiveCfg = Release|Any CPU
		{26A402F6-25C8-47C9-9D64-61DABFE470EC}.Release|Any CPU.Build.0 = Release|Any CPU
		{C0058B07-A3A8-4E2A-8E9B-8ADC08EB6907}.Debug|Any CPU.ActiveCfg = Debug|Any CPU
		{C0058B07-A3A8-4E2A-8E9B-8ADC08EB6907}.Debug|Any CPU.Build.0 = Debug|Any CPU
		{C0058B07-A3A8-4E2A-8E9B-8ADC08EB6907}.Release|Any CPU.ActiveCfg = Release|Any CPU
		{C0058B07-A3A8-4E2A-8E9B-8ADC08EB6907}.Release|Any CPU.Build.0 = Release|Any CPU
	EndGlobalSection
	GlobalSection(SolutionProperties) = preSolution
		HideSolutionNode = FALSE
	EndGlobalSection
	GlobalSection(ExtensibilityGlobals) = postSolution
		SolutionGuid = {58471EF2-1D3A-40CD-95CD-80586B434B63}
	EndGlobalSection
EndGlobal
